<?xml version="1.0" encoding="utf-8"?>
<Project ToolsVersion="4.0" xmlns="http://schemas.microsoft.com/developer/msbuild/2003">
  <ItemGroup>
    <Filter Include="源文件">
      <UniqueIdentifier>{4FC737F1-C7A5-4376-A066-2A32D752A2FF}</UniqueIdentifier>
      <Extensions>cpp;c;cc;cxx;c++;cppm;ixx;def;odl;idl;hpj;bat;asm;asmx</Extensions>
    </Filter>
    <Filter Include="头文件">
      <UniqueIdentifier>{93995380-89BD-4b04-88EB-625FBE52EBFB}</UniqueIdentifier>
      <Extensions>h;hh;hpp;hxx;h++;hm;inl;inc;ipp;xsd</Extensions>
    </Filter>
    <Filter Include="资源文件">
      <UniqueIdentifier>{67DA6AB6-F800-4c08-8B7A-83BB121AAD01}</UniqueIdentifier>
      <Extensions>rc;ico;cur;bmp;dlg;rc2;rct;bin;rgs;gif;jpg;jpeg;jpe;resx;tiff;tif;png;wav;mfcribbon-ms</Extensions>
    </Filter>
  </ItemGroup>
  <ItemGroup>
    <ClInclude Include="framework.h">
      <Filter>头文件</Filter>
    </ClInclude>
    <ClInclude Include="targetver.h">
      <Filter>头文件</Filter>
    </ClInclude>
    <ClInclude Include="Resource.h">
      <Filter>头文件</Filter>
    </ClInclude>
    <ClInclude Include="NoRecoil.h">
      <Filter>头文件</Filter>
    </ClInclude>
    <ClInclude Include="CFunction1.h">
      <Filter>头文件</Filter>
    </ClInclude>
    <ClInclude Include="CWeapon.h">
      <Filter>头文件</Filter>
    </ClInclude>
    <ClInclude Include="CAttachment.h">
      <Filter>头文件</Filter>
    </ClInclude>
    <ClInclude Include="CMuzzle.h">
      <Filter>头文件</Filter>
    </ClInclude>
    <ClInclude Include="CGrip.h">
      <Filter>头文件</Filter>
    </ClInclude>
    <ClInclude Include="CStock.h">
      <Filter>头文件</Filter>
    </ClInclude>
    <ClInclude Include="CMagazine.h">
      <Filter>头文件</Filter>
    </ClInclude>
    <ClInclude Include="CWeaponLib.h">
      <Filter>头文件</Filter>
    </ClInclude>
    <ClInclude Include="CFunction2.h">
      <Filter>头文件</Filter>
    </ClInclude>
    <ClInclude Include="ScreenShot.hpp">
      <Filter>头文件</Filter>
    </ClInclude>
    <ClInclude Include="MatchPicture.hpp">
      <Filter>头文件</Filter>
    </ClInclude>
    <ClInclude Include="GameStart.h">
      <Filter>头文件</Filter>
    </ClInclude>
  </ItemGroup>
  <ItemGroup>
    <ClCompile Include="NoRecoil.cpp">
      <Filter>源文件</Filter>
    </ClCompile>
    <ClCompile Include="CFunction1.cpp">
      <Filter>源文件</Filter>
    </ClCompile>
    <ClCompile Include="CWeapon.cpp">
      <Filter>源文件</Filter>
    </ClCompile>
    <ClCompile Include="CAttachment.cpp">
      <Filter>源文件</Filter>
    </ClCompile>
    <ClCompile Include="CMuzzle.cpp">
      <Filter>源文件</Filter>
    </ClCompile>
    <ClCompile Include="CGrip.cpp">
      <Filter>源文件</Filter>
    </ClCompile>
    <ClCompile Include="CStock.cpp">
      <Filter>源文件</Filter>
    </ClCompile>
    <ClCompile Include="CMagazine.cpp">
      <Filter>源文件</Filter>
    </ClCompile>
    <ClCompile Include="CFunction2.cpp">
      <Filter>源文件</Filter>
    </ClCompile>
    <ClCompile Include="GameStart.cpp">
      <Filter>源文件</Filter>
    </ClCompile>
  </ItemGroup>
  <ItemGroup>
    <ResourceCompile Include="NoRecoil.rc">
      <Filter>资源文件</Filter>
    </ResourceCompile>
  </ItemGroup>
  <ItemGroup>
    <Image Include="small.ico">
      <Filter>资源文件</Filter>
    </Image>
    <Image Include="NoRecoil.ico">
      <Filter>资源文件</Filter>
    </Image>
  </ItemGroup>
</Project>